
Microsoft Visual Studio Solution File, Format Version 12.00
# Visual Studio Version 17
VisualStudioVersion = 17.2.32526.322
MinimumVisualStudioVersion = 10.0.40219.1
Project("{FAE04EC0-301F-11D3-BF4B-00C04F79EFBC}") = "Nunit_test_sele", "Nunit_test_sele\Nunit_test_sele.csproj", "{35A455F9-5443-4220-B8F5-8E84A5B70134}"
EndProject
Project("{FAE04EC0-301F-11D3-BF4B-00C04F79EFBC}") = "Nunit_test", "Calculator\Nunit_test.csproj", "{D9B6206E-D3BB-42D5-9626-8DDB75F70093}"
EndProject
Global
	GlobalSection(SolutionConfigurationPlatforms) = preSolution
		Debug|Any CPU = Debug|Any CPU
		Release|Any CPU = Release|Any CPU
	EndGlobalSection
	GlobalSection(ProjectConfigurationPlatforms) = postSolution
		{35A455F9-5443-4220-B8F5-8E84A5B70134}.Debug|Any CPU.ActiveCfg = Debug|Any CPU
		{35A455F9-5443-4220-B8F5-8E84A5B70134}.Debug|Any CPU.Build.0 = Debug|Any CPU
		{35A455F9-5443-4220-B8F5-8E84A5B70134}.Release|Any CPU.ActiveCfg = Release|Any CPU
		{35A455F9-5443-4220-B8F5-8E84A5B70134}.Release|Any CPU.Build.0 = Release|Any CPU
		{D9B6206E-D3BB-42D5-9626-8DDB75F70093}.Debug|Any CPU.ActiveCfg = Debug|Any CPU
		{D9B6206E-D3BB-42D5-9626-8DDB75F70093}.Debug|Any CPU.Build.0 = Debug|Any CPU
		{D9B6206E-D3BB-42D5-9626-8DDB75F70093}.Release|Any CPU.ActiveCfg = Release|Any CPU
		{D9B6206E-D3BB-42D5-9626-8DDB75F70093}.Release|Any CPU.Build.0 = Release|Any CPU
	EndGlobalSection
	GlobalSection(SolutionProperties) = preSolution
		HideSolutionNode = FALSE
	EndGlobalSection
	GlobalSection(ExtensibilityGlobals) = postSolution
		SolutionGuid = {4B5348C5-0612-4E18-8A7A-E8FAA3AADF7E}
	EndGlobalSection
EndGlobal
